
Microsoft Visual Studio Solution File, Format Version 12.00
# Visual Studio Version 17
VisualStudioVersion = 17.13.35919.96 d17.13
MinimumVisualStudioVersion = 10.0.40219.1
Project("{FAE04EC0-301F-11D3-BF4B-00C04F79EFBC}") = "StringSubmission", "StringSubmission\StringSubmission.csproj", "{F37CDFB4-D6DF-45C7-BF25-D62075D973BC}"
EndProject
Global
	GlobalSection(SolutionConfigurationPlatforms) = preSolution
		Debug|Any CPU = Debug|Any CPU
		Release|Any CPU = Release|Any CPU
	EndGlobalSection
	GlobalSection(ProjectConfigurationPlatforms) = postSolution
		{F37CDFB4-D6DF-45C7-BF25-D62075D973BC}.Debug|Any CPU.ActiveCfg = Debug|Any CPU
		{F37CDFB4-D6DF-45C7-BF25-D62075D973BC}.Debug|Any CPU.Build.0 = Debug|Any CPU
		{F37CDFB4-D6DF-45C7-BF25-D62075D973BC}.Release|Any CPU.ActiveCfg = Release|Any CPU
		{F37CDFB4-D6DF-45C7-BF25-D62075D973BC}.Release|Any CPU.Build.0 = Release|Any CPU
	EndGlobalSection
	GlobalSection(SolutionProperties) = preSolution
		HideSolutionNode = FALSE
	EndGlobalSection
	GlobalSection(ExtensibilityGlobals) = postSolution
		SolutionGuid = {4D1AC902-14A7-4F10-B924-DF1DCCB64F98}
	EndGlobalSection
EndGlobal
